
Microsoft Visual Studio Solution File, Format Version 12.00
# Visual Studio 15
VisualStudioVersion = 15.0.28010.2036
MinimumVisualStudioVersion = 10.0.40219.1
Project("{FAE04EC0-301F-11D3-BF4B-00C04F79EFBC}") = "ProyectoXamarin.Android", "ProyectoXamarin\ProyectoXamarin.Android\ProyectoXamarin.Android.csproj", "{C19F67FB-5396-4C02-9EAC-1AE49B149276}"
EndProject
Project("{9A19103F-16F7-4668-BE54-9A1E7A4F7556}") = "ProyectoXamarin", "ProyectoXamarin\ProyectoXamarin\ProyectoXamarin.csproj", "{C3898C6E-21DC-4C57-BFFD-81F5708C59D0}"
EndProject
Global
	GlobalSection(SolutionConfigurationPlatforms) = preSolution
		Debug|Any CPU = Debug|Any CPU
		Release|Any CPU = Release|Any CPU
	EndGlobalSection
	GlobalSection(ProjectConfigurationPlatforms) = postSolution
		{C19F67FB-5396-4C02-9EAC-1AE49B149276}.Debug|Any CPU.ActiveCfg = Debug|Any CPU
		{C19F67FB-5396-4C02-9EAC-1AE49B149276}.Debug|Any CPU.Build.0 = Debug|Any CPU
		{C19F67FB-5396-4C02-9EAC-1AE49B149276}.Debug|Any CPU.Deploy.0 = Debug|Any CPU
		{C19F67FB-5396-4C02-9EAC-1AE49B149276}.Release|Any CPU.ActiveCfg = Release|Any CPU
		{C19F67FB-5396-4C02-9EAC-1AE49B149276}.Release|Any CPU.Build.0 = Release|Any CPU
		{C19F67FB-5396-4C02-9EAC-1AE49B149276}.Release|Any CPU.Deploy.0 = Release|Any CPU
		{C3898C6E-21DC-4C57-BFFD-81F5708C59D0}.Debug|Any CPU.ActiveCfg = Debug|Any CPU
		{C3898C6E-21DC-4C57-BFFD-81F5708C59D0}.Debug|Any CPU.Build.0 = Debug|Any CPU
		{C3898C6E-21DC-4C57-BFFD-81F5708C59D0}.Release|Any CPU.ActiveCfg = Release|Any CPU
		{C3898C6E-21DC-4C57-BFFD-81F5708C59D0}.Release|Any CPU.Build.0 = Release|Any CPU
	EndGlobalSection
	GlobalSection(SolutionProperties) = preSolution
		HideSolutionNode = FALSE
	EndGlobalSection
	GlobalSection(ExtensibilityGlobals) = postSolution
		SolutionGuid = {2462055A-4EEA-483B-8905-6B022ABEC927}
	EndGlobalSection
EndGlobal
